
Microsoft Visual Studio Solution File, Format Version 12.00
# Visual Studio Version 17
VisualStudioVersion = 17.3.32901.215
MinimumVisualStudioVersion = 10.0.40219.1
Project("{FAE04EC0-301F-11D3-BF4B-00C04F79EFBC}") = "ders0926_2", "ders0926_2\ders0926_2.csproj", "{A8F017EF-AFCD-4209-A289-FC35540D3285}"
EndProject
Global
	GlobalSection(SolutionConfigurationPlatforms) = preSolution
		Debug|Any CPU = Debug|Any CPU
		Release|Any CPU = Release|Any CPU
	EndGlobalSection
	GlobalSection(ProjectConfigurationPlatforms) = postSolution
		{A8F017EF-AFCD-4209-A289-FC35540D3285}.Debug|Any CPU.ActiveCfg = Debug|Any CPU
		{A8F017EF-AFCD-4209-A289-FC35540D3285}.Debug|Any CPU.Build.0 = Debug|Any CPU
		{A8F017EF-AFCD-4209-A289-FC35540D3285}.Release|Any CPU.ActiveCfg = Release|Any CPU
		{A8F017EF-AFCD-4209-A289-FC35540D3285}.Release|Any CPU.Build.0 = Release|Any CPU
	EndGlobalSection
	GlobalSection(SolutionProperties) = preSolution
		HideSolutionNode = FALSE
	EndGlobalSection
	GlobalSection(ExtensibilityGlobals) = postSolution
		SolutionGuid = {618B70C1-8783-4689-BA73-F17415252159}
	EndGlobalSection
EndGlobal
